
Microsoft Visual Studio Solution File, Format Version 12.00
# Visual Studio Version 17
VisualStudioVersion = 17.3.32804.467
MinimumVisualStudioVersion = 10.0.40219.1
Project("{9A19103F-16F7-4668-BE54-9A1E7A4F7556}") = "CervejariaGCS", "CervejariaGCS.csproj", "{E6F9AADE-C1E4-4AEC-A2D4-0FD15248641D}"
EndProject
Project("{FAE04EC0-301F-11D3-BF4B-00C04F79EFBC}") = "CervejariaGCS.Tests", "Tests\CervejariaGCS.Tests\TestProject1\CervejariaGCS.Tests.csproj", "{370D0244-8A67-4F6D-9CB8-059485E925D7}"
EndProject
Global
	GlobalSection(SolutionConfigurationPlatforms) = preSolution
		Debug|Any CPU = Debug|Any CPU
		Release|Any CPU = Release|Any CPU
	EndGlobalSection
	GlobalSection(ProjectConfigurationPlatforms) = postSolution
		{E6F9AADE-C1E4-4AEC-A2D4-0FD15248641D}.Debug|Any CPU.ActiveCfg = Debug|Any CPU
		{E6F9AADE-C1E4-4AEC-A2D4-0FD15248641D}.Debug|Any CPU.Build.0 = Debug|Any CPU
		{E6F9AADE-C1E4-4AEC-A2D4-0FD15248641D}.Release|Any CPU.ActiveCfg = Release|Any CPU
		{E6F9AADE-C1E4-4AEC-A2D4-0FD15248641D}.Release|Any CPU.Build.0 = Release|Any CPU
		{370D0244-8A67-4F6D-9CB8-059485E925D7}.Debug|Any CPU.ActiveCfg = Debug|Any CPU
		{370D0244-8A67-4F6D-9CB8-059485E925D7}.Debug|Any CPU.Build.0 = Debug|Any CPU
		{370D0244-8A67-4F6D-9CB8-059485E925D7}.Release|Any CPU.ActiveCfg = Release|Any CPU
		{370D0244-8A67-4F6D-9CB8-059485E925D7}.Release|Any CPU.Build.0 = Release|Any CPU
	EndGlobalSection
	GlobalSection(SolutionProperties) = preSolution
		HideSolutionNode = FALSE
	EndGlobalSection
	GlobalSection(ExtensibilityGlobals) = postSolution
		SolutionGuid = {1E170B08-9C11-409D-AFAB-E4C1E0D7C9A6}
	EndGlobalSection
EndGlobal
